
Microsoft Visual Studio Solution File, Format Version 12.00
# Visual Studio 15
VisualStudioVersion = 15.0.27130.2027
MinimumVisualStudioVersion = 10.0.40219.1
Project("{FAE04EC0-301F-11D3-BF4B-00C04F79EFBC}") = "Banking", "Banking\Banking.csproj", "{9EAD12E9-5D96-4434-8D20-102D061640CC}"
EndProject
Global
	GlobalSection(SolutionConfigurationPlatforms) = preSolution
		Debug|Any CPU = Debug|Any CPU
		Release|Any CPU = Release|Any CPU
	EndGlobalSection
	GlobalSection(ProjectConfigurationPlatforms) = postSolution
		{9EAD12E9-5D96-4434-8D20-102D061640CC}.Debug|Any CPU.ActiveCfg = Debug|Any CPU
		{9EAD12E9-5D96-4434-8D20-102D061640CC}.Debug|Any CPU.Build.0 = Debug|Any CPU
		{9EAD12E9-5D96-4434-8D20-102D061640CC}.Release|Any CPU.ActiveCfg = Release|Any CPU
		{9EAD12E9-5D96-4434-8D20-102D061640CC}.Release|Any CPU.Build.0 = Release|Any CPU
	EndGlobalSection
	GlobalSection(SolutionProperties) = preSolution
		HideSolutionNode = FALSE
	EndGlobalSection
	GlobalSection(ExtensibilityGlobals) = postSolution
		SolutionGuid = {F55D0F43-0467-4F76-BFC5-489D3A734FBC}
	EndGlobalSection
EndGlobal
